
Microsoft Visual Studio Solution File, Format Version 12.00
# Visual Studio Version 17
VisualStudioVersion = 17.0.31903.59
MinimumVisualStudioVersion = 10.0.40219.1
Project("{2150E333-8FDC-42A3-9474-1A3956D46DE8}") = "src", "src", "{827E0CD3-B72D-47B6-A68D-7590B98EB39B}"
EndProject
Project("{FAE04EC0-301F-11D3-BF4B-00C04F79EFBC}") = "Snip.LinkService", "src\Snip.LinkService\Snip.LinkService.csproj", "{6A7B68E7-7A31-477A-B9BE-38EC40F14155}"
EndProject
Project("{FAE04EC0-301F-11D3-BF4B-00C04F79EFBC}") = "Snip.RedirectService", "src\Snip.RedirectService\Snip.RedirectService.csproj", "{1ABADD84-39E7-4FC7-810F-539FB4603020}"
EndProject
Project("{FAE04EC0-301F-11D3-BF4B-00C04F79EFBC}") = "Snip.Gateway", "src\Snip.Gateway\Snip.Gateway.csproj", "{967BD1ED-2121-48C3-A32E-03913F3F59D6}"
EndProject
Project("{FAE04EC0-301F-11D3-BF4B-00C04F79EFBC}") = "Snip.AnalyticsWorker", "src\Snip.AnalyticsWorker\Snip.AnalyticsWorker.csproj", "{81992AB4-8E54-4849-AFBA-F518652F8668}"
EndProject
Project("{FAE04EC0-301F-11D3-BF4B-00C04F79EFBC}") = "Snip.CacheInvalidator", "src\Snip.CacheInvalidator\Snip.CacheInvalidator.csproj", "{4EBDAF05-9011-427F-8D68-EC7D682869D5}"
EndProject
Project("{FAE04EC0-301F-11D3-BF4B-00C04F79EFBC}") = "Snip.NotificationWorker", "src\Snip.NotificationWorker\Snip.NotificationWorker.csproj", "{539147B7-3F77-4E70-A6A0-3154D5A2CAF9}"
EndProject
Project("{FAE04EC0-301F-11D3-BF4B-00C04F79EFBC}") = "Snip.Shared", "src\Snip.Shared\Snip.Shared.csproj", "{F5ABD189-EEB7-4622-95F8-F7510AEF4F37}"
EndProject
Global
	GlobalSection(SolutionConfigurationPlatforms) = preSolution
		Debug|Any CPU = Debug|Any CPU
		Debug|x64 = Debug|x64
		Debug|x86 = Debug|x86
		Release|Any CPU = Release|Any CPU
		Release|x64 = Release|x64
		Release|x86 = Release|x86
	EndGlobalSection
	GlobalSection(ProjectConfigurationPlatforms) = postSolution
		{6A7B68E7-7A31-477A-B9BE-38EC40F14155}.Debug|Any CPU.ActiveCfg = Debug|Any CPU
		{6A7B68E7-7A31-477A-B9BE-38EC40F14155}.Debug|Any CPU.Build.0 = Debug|Any CPU
		{6A7B68E7-7A31-477A-B9BE-38EC40F14155}.Debug|x64.ActiveCfg = Debug|Any CPU
		{6A7B68E7-7A31-477A-B9BE-38EC40F14155}.Debug|x64.Build.0 = Debug|Any CPU
		{6A7B68E7-7A31-477A-B9BE-38EC40F14155}.Debug|x86.ActiveCfg = Debug|Any CPU
		{6A7B68E7-7A31-477A-B9BE-38EC40F14155}.Debug|x86.Build.0 = Debug|Any CPU
		{6A7B68E7-7A31-477A-B9BE-38EC40F14155}.Release|Any CPU.ActiveCfg = Release|Any CPU
		{6A7B68E7-7A31-477A-B9BE-38EC40F14155}.Release|Any CPU.Build.0 = Release|Any CPU
		{6A7B68E7-7A31-477A-B9BE-38EC40F14155}.Release|x64.ActiveCfg = Release|Any CPU
		{6A7B68E7-7A31-477A-B9BE-38EC40F14155}.Release|x64.Build.0 = Release|Any CPU
		{6A7B68E7-7A31-477A-B9BE-38EC40F14155}.Release|x86.ActiveCfg = Release|Any CPU
		{6A7B68E7-7A31-477A-B9BE-38EC40F14155}.Release|x86.Build.0 = Release|Any CPU
		{1ABADD84-39E7-4FC7-810F-539FB4603020}.Debug|Any CPU.ActiveCfg = Debug|Any CPU
		{1ABADD84-39E7-4FC7-810F-539FB4603020}.Debug|Any CPU.Build.0 = Debug|Any CPU
		{1ABADD84-39E7-4FC7-810F-539FB4603020}.Debug|x64.ActiveCfg = Debug|Any CPU
		{1ABADD84-39E7-4FC7-810F-539FB4603020}.Debug|x64.Build.0 = Debug|Any CPU
		{1ABADD84-39E7-4FC7-810F-539FB4603020}.Debug|x86.ActiveCfg = Debug|Any CPU
		{1ABADD84-39E7-4FC7-810F-539FB4603020}.Debug|x86.Build.0 = Debug|Any CPU
		{1ABADD84-39E7-4FC7-810F-539FB4603020}.Release|Any CPU.ActiveCfg = Release|Any CPU
		{1ABADD84-39E7-4FC7-810F-539FB4603020}.Release|Any CPU.Build.0 = Release|Any CPU
		{1ABADD84-39E7-4FC7-810F-539FB4603020}.Release|x64.ActiveCfg = Release|Any CPU
		{1ABADD84-39E7-4FC7-810F-539FB4603020}.Release|x64.Build.0 = Release|Any CPU
		{1ABADD84-39E7-4FC7-810F-539FB4603020}.Release|x86.ActiveCfg = Release|Any CPU
		{1ABADD84-39E7-4FC7-810F-539FB4603020}.Release|x86.Build.0 = Release|Any CPU
		{967BD1ED-2121-48C3-A32E-03913F3F59D6}.Debug|Any CPU.ActiveCfg = Debug|Any CPU
		{967BD1ED-2121-48C3-A32E-03913F3F59D6}.Debug|Any CPU.Build.0 = Debug|Any CPU
		{967BD1ED-2121-48C3-A32E-03913F3F59D6}.Debug|x64.ActiveCfg = Debug|Any CPU
		{967BD1ED-2121-48C3-A32E-03913F3F59D6}.Debug|x64.Build.0 = Debug|Any CPU
		{967BD1ED-2121-48C3-A32E-03913F3F59D6}.Debug|x86.ActiveCfg = Debug|Any CPU
		{967BD1ED-2121-48C3-A32E-03913F3F59D6}.Debug|x86.Build.0 = Debug|Any CPU
		{967BD1ED-2121-48C3-A32E-03913F3F59D6}.Release|Any CPU.ActiveCfg = Release|Any CPU
		{967BD1ED-2121-48C3-A32E-03913F3F59D6}.Release|Any CPU.Build.0 = Release|Any CPU
		{967BD1ED-2121-48C3-A32E-03913F3F59D6}.Release|x64.ActiveCfg = Release|Any CPU
		{967BD1ED-2121-48C3-A32E-03913F3F59D6}.Release|x64.Build.0 = Release|Any CPU
		{967BD1ED-2121-48C3-A32E-03913F3F59D6}.Release|x86.ActiveCfg = Release|Any CPU
		{967BD1ED-2121-48C3-A32E-03913F3F59D6}.Release|x86.Build.0 = Release|Any CPU
		{81992AB4-8E54-4849-AFBA-F518652F8668}.Debug|Any CPU.ActiveCfg = Debug|Any CPU
		{81992AB4-8E54-4849-AFBA-F518652F8668}.Debug|Any CPU.Build.0 = Debug|Any CPU
		{81992AB4-8E54-4849-AFBA-F518652F8668}.Debug|x64.ActiveCfg = Debug|Any CPU
		{81992AB4-8E54-4849-AFBA-F518652F8668}.Debug|x64.Build.0 = Debug|Any CPU
		{81992AB4-8E54-4849-AFBA-F518652F8668}.Debug|x86.ActiveCfg = Debug|Any CPU
		{81992AB4-8E54-4849-AFBA-F518652F8668}.Debug|x86.Build.0 = Debug|Any CPU
		{81992AB4-8E54-4849-AFBA-F518652F8668}.Release|Any CPU.ActiveCfg = Release|Any CPU
		{81992AB4-8E54-4849-AFBA-F518652F8668}.Release|Any CPU.Build.0 = Release|Any CPU
		{81992AB4-8E54-4849-AFBA-F518652F8668}.Release|x64.ActiveCfg = Release|Any CPU
		{81992AB4-8E54-4849-AFBA-F518652F8668}.Release|x64.Build.0 = Release|Any CPU
		{81992AB4-8E54-4849-AFBA-F518652F8668}.Release|x86.ActiveCfg = Release|Any CPU
		{81992AB4-8E54-4849-AFBA-F518652F8668}.Release|x86.Build.0 = Release|Any CPU
		{4EBDAF05-9011-427F-8D68-EC7D682869D5}.Debug|Any CPU.ActiveCfg = Debug|Any CPU
		{4EBDAF05-9011-427F-8D68-EC7D682869D5}.Debug|Any CPU.Build.0 = Debug|Any CPU
		{4EBDAF05-9011-427F-8D68-EC7D682869D5}.Debug|x64.ActiveCfg = Debug|Any CPU
		{4EBDAF05-9011-427F-8D68-EC7D682869D5}.Debug|x64.Build.0 = Debug|Any CPU
		{4EBDAF05-9011-427F-8D68-EC7D682869D5}.Debug|x86.ActiveCfg = Debug|Any CPU
		{4EBDAF05-9011-427F-8D68-EC7D682869D5}.Debug|x86.Build.0 = Debug|Any CPU
		{4EBDAF05-9011-427F-8D68-EC7D682869D5}.Release|Any CPU.ActiveCfg = Release|Any CPU
		{4EBDAF05-9011-427F-8D68-EC7D682869D5}.Release|Any CPU.Build.0 = Release|Any CPU
		{4EBDAF05-9011-427F-8D68-EC7D682869D5}.Release|x64.ActiveCfg = Release|Any CPU
		{4EBDAF05-9011-427F-8D68-EC7D682869D5}.Release|x64.Build.0 = Release|Any CPU
		{4EBDAF05-9011-427F-8D68-EC7D682869D5}.Release|x86.ActiveCfg = Release|Any CPU
		{4EBDAF05-9011-427F-8D68-EC7D682869D5}.Release|x86.Build.0 = Release|Any CPU
		{539147B7-3F77-4E70-A6A0-3154D5A2CAF9}.Debug|Any CPU.ActiveCfg = Debug|Any CPU
		{539147B7-3F77-4E70-A6A0-3154D5A2CAF9}.Debug|Any CPU.Build.0 = Debug|Any CPU
		{539147B7-3F77-4E70-A6A0-3154D5A2CAF9}.Debug|x64.ActiveCfg = Debug|Any CPU
		{539147B7-3F77-4E70-A6A0-3154D5A2CAF9}.Debug|x64.Build.0 = Debug|Any CPU
		{539147B7-3F77-4E70-A6A0-3154D5A2CAF9}.Debug|x86.ActiveCfg = Debug|Any CPU
		{539147B7-3F77-4E70-A6A0-3154D5A2CAF9}.Debug|x86.Build.0 = Debug|Any CPU
		{539147B7-3F77-4E70-A6A0-3154D5A2CAF9}.Release|Any CPU.ActiveCfg = Release|Any CPU
		{539147B7-3F77-4E70-A6A0-3154D5A2CAF9}.Release|Any CPU.Build.0 = Release|Any CPU
		{539147B7-3F77-4E70-A6A0-3154D5A2CAF9}.Release|x64.ActiveCfg = Release|Any CPU
		{539147B7-3F77-4E70-A6A0-3154D5A2CAF9}.Release|x64.Build.0 = Release|Any CPU
		{539147B7-3F77-4E70-A6A0-3154D5A2CAF9}.Release|x86.ActiveCfg = Release|Any CPU
		{539147B7-3F77-4E70-A6A0-3154D5A2CAF9}.Release|x86.Build.0 = Release|Any CPU
		{F5ABD189-EEB7-4622-95F8-F7510AEF4F37}.Debug|Any CPU.ActiveCfg = Debug|Any CPU
		{F5ABD189-EEB7-4622-95F8-F7510AEF4F37}.Debug|Any CPU.Build.0 = Debug|Any CPU
		{F5ABD189-EEB7-4622-95F8-F7510AEF4F37}.Debug|x64.ActiveCfg = Debug|Any CPU
		{F5ABD189-EEB7-4622-95F8-F7510AEF4F37}.Debug|x64.Build.0 = Debug|Any CPU
		{F5ABD189-EEB7-4622-95F8-F7510AEF4F37}.Debug|x86.ActiveCfg = Debug|Any CPU
		{F5ABD189-EEB7-4622-95F8-F7510AEF4F37}.Debug|x86.Build.0 = Debug|Any CPU
		{F5ABD189-EEB7-4622-95F8-F7510AEF4F37}.Release|Any CPU.ActiveCfg = Release|Any CPU
		{F5ABD189-EEB7-4622-95F8-F7510AEF4F37}.Release|Any CPU.Build.0 = Release|Any CPU
		{F5ABD189-EEB7-4622-95F8-F7510AEF4F37}.Release|x64.ActiveCfg = Release|Any CPU
		{F5ABD189-EEB7-4622-95F8-F7510AEF4F37}.Release|x64.Build.0 = Release|Any CPU
		{F5ABD189-EEB7-4622-95F8-F7510AEF4F37}.Release|x86.ActiveCfg = Release|Any CPU
		{F5ABD189-EEB7-4622-95F8-F7510AEF4F37}.Release|x86.Build.0 = Release|Any CPU
	EndGlobalSection
	GlobalSection(SolutionProperties) = preSolution
		HideSolutionNode = FALSE
	EndGlobalSection
	GlobalSection(NestedProjects) = preSolution
		{6A7B68E7-7A31-477A-B9BE-38EC40F14155} = {827E0CD3-B72D-47B6-A68D-7590B98EB39B}
		{1ABADD84-39E7-4FC7-810F-539FB4603020} = {827E0CD3-B72D-47B6-A68D-7590B98EB39B}
		{967BD1ED-2121-48C3-A32E-03913F3F59D6} = {827E0CD3-B72D-47B6-A68D-7590B98EB39B}
		{81992AB4-8E54-4849-AFBA-F518652F8668} = {827E0CD3-B72D-47B6-A68D-7590B98EB39B}
		{4EBDAF05-9011-427F-8D68-EC7D682869D5} = {827E0CD3-B72D-47B6-A68D-7590B98EB39B}
		{539147B7-3F77-4E70-A6A0-3154D5A2CAF9} = {827E0CD3-B72D-47B6-A68D-7590B98EB39B}
		{F5ABD189-EEB7-4622-95F8-F7510AEF4F37} = {827E0CD3-B72D-47B6-A68D-7590B98EB39B}
	EndGlobalSection
EndGlobal
